// !$*UTF8*$!
{
	archiveVersion = 1;
	classes = {
	};
	objectVersion = 50;
	objects = {

/* Begin PBXFileReference section */
		3A24CC9126C5081D0086E778 /* EndlessPagerView.swift */ = {isa = PBXFileReference; lastKnownFileType = sourcecode.swift; path = EndlessPagerView.swift; sourceTree = "<group>"; };
		3A76E76C2948D3C20067CCB8 /* if.swift */ = {isa = PBXFileReference; lastKnownFileType = sourcecode.swift; path = if.swift; sourceTree = "<group>"; };
		3AA93CF526E8B1D100F23EBE /* EqualDynamicWidthModifier.swift */ = {isa = PBXFileReference; lastKnownFileType = sourcecode.swift; path = EqualDynamicWidthModifier.swift; sourceTree = "<group>"; };
		3AA963062A93483700AC74DE /* Processable.swift */ = {isa = PBXFileReference; lastKnownFileType = sourcecode.swift; path = Processable.swift; sourceTree = "<group>"; };
		3AA963072A93483700AC74DE /* ContentView.swift */ = {isa = PBXFileReference; lastKnownFileType = sourcecode.swift; path = ContentView.swift; sourceTree = "<group>"; };
		3AA963082A93483700AC74DE /* New File 1.swift */ = {isa = PBXFileReference; lastKnownFileType = sourcecode.swift; path = "New File 1.swift"; sourceTree = "<group>"; };
		3AA963092A93483700AC74DE /* New File.swift */ = {isa = PBXFileReference; lastKnownFileType = sourcecode.swift; path = "New File.swift"; sourceTree = "<group>"; };
		3AA9630A2A93483700AC74DE /* ProcessableViewModel.swift */ = {isa = PBXFileReference; lastKnownFileType = sourcecode.swift; path = ProcessableViewModel.swift; sourceTree = "<group>"; };
		3AA9630B2A93483700AC74DE /* ViewModel.swift */ = {isa = PBXFileReference; lastKnownFileType = sourcecode.swift; path = ViewModel.swift; sourceTree = "<group>"; };
		3AA9630C2A93483700AC74DE /* Package.swift */ = {isa = PBXFileReference; lastKnownFileType = sourcecode.swift; path = Package.swift; sourceTree = "<group>"; };
		3AA9630D2A93483700AC74DE /* MyApp.swift */ = {isa = PBXFileReference; lastKnownFileType = sourcecode.swift; path = MyApp.swift; sourceTree = "<group>"; };
/* End PBXFileReference section */

/* Begin PBXGroup section */
		3A24CC7C26C507980086E778 = {
			isa = PBXGroup;
			children = (
				3A24CC9026C5080B0086E778 /* Source */,
			);
			sourceTree = "<group>";
		};
		3A24CC9026C5080B0086E778 /* Source */ = {
			isa = PBXGroup;
			children = (
				3AA963052A93481300AC74DE /* ViewModel */,
				3A76E76B2948D3B90067CCB8 /* ViewModifiers */,
				3A24CC9226C5085D0086E778 /* Samples */,
			);
			path = Source;
			sourceTree = "<group>";
		};
		3A24CC9226C5085D0086E778 /* Samples */ = {
			isa = PBXGroup;
			children = (
				3A24CC9126C5081D0086E778 /* EndlessPagerView.swift */,
				3AA93CF526E8B1D100F23EBE /* EqualDynamicWidthModifier.swift */,
			);
			path = Samples;
			sourceTree = "<group>";
		};
		3A76E76B2948D3B90067CCB8 /* ViewModifiers */ = {
			isa = PBXGroup;
			children = (
				3A76E76C2948D3C20067CCB8 /* if.swift */,
			);
			path = ViewModifiers;
			sourceTree = "<group>";
		};
		3AA963052A93481300AC74DE /* ViewModel */ = {
			isa = PBXGroup;
			children = (
				3AA963072A93483700AC74DE /* ContentView.swift */,
				3AA9630D2A93483700AC74DE /* MyApp.swift */,
				3AA963082A93483700AC74DE /* New File 1.swift */,
				3AA963092A93483700AC74DE /* New File.swift */,
				3AA9630C2A93483700AC74DE /* Package.swift */,
				3AA963062A93483700AC74DE /* Processable.swift */,
				3AA9630A2A93483700AC74DE /* ProcessableViewModel.swift */,
				3AA9630B2A93483700AC74DE /* ViewModel.swift */,
			);
			path = ViewModel;
			sourceTree = "<group>";
		};
/* End PBXGroup section */

/* Begin PBXProject section */
		3A24CC7D26C507980086E778 /* Project object */ = {
			isa = PBXProject;
			attributes = {
				LastUpgradeCheck = 1300;
			};
			buildConfigurationList = 3A24CC8026C507980086E778 /* Build configuration list for PBXProject "SwiftUIExtensions" */;
			compatibilityVersion = "Xcode 9.3";
			developmentRegion = en;
			hasScannedForEncodings = 0;
			knownRegions = (
				en,
				Base,
			);
			mainGroup = 3A24CC7C26C507980086E778;
			projectDirPath = "";
			projectRoot = "";
			targets = (
			);
		};
/* End PBXProject section */

/* Begin XCBuildConfiguration section */
		3A24CC8126C507980086E778 /* Debug */ = {
			isa = XCBuildConfiguration;
			buildSettings = {
				CLANG_WARN_BLOCK_CAPTURE_AUTORELEASING = YES;
				CLANG_WARN_BOOL_CONVERSION = YES;
				CLANG_WARN_COMMA = YES;
				CLANG_WARN_CONSTANT_CONVERSION = YES;
				CLANG_WARN_DEPRECATED_OBJC_IMPLEMENTATIONS = YES;
				CLANG_WARN_EMPTY_BODY = YES;
				CLANG_WARN_ENUM_CONVERSION = YES;
				CLANG_WARN_INFINITE_RECURSION = YES;
				CLANG_WARN_INT_CONVERSION = YES;
				CLANG_WARN_NON_LITERAL_NULL_CONVERSION = YES;
				CLANG_WARN_OBJC_IMPLICIT_RETAIN_SELF = YES;
				CLANG_WARN_OBJC_LITERAL_CONVERSION = YES;
				CLANG_WARN_QUOTED_INCLUDE_IN_FRAMEWORK_HEADER = YES;
				CLANG_WARN_RANGE_LOOP_ANALYSIS = YES;
				CLANG_WARN_STRICT_PROTOTYPES = YES;
				CLANG_WARN_SUSPICIOUS_MOVE = YES;
				CLANG_WARN_UNREACHABLE_CODE = YES;
				CLANG_WARN__DUPLICATE_METHOD_MATCH = YES;
				ENABLE_STRICT_OBJC_MSGSEND = YES;
				ENABLE_TESTABILITY = YES;
				GCC_NO_COMMON_BLOCKS = YES;
				GCC_WARN_64_TO_32_BIT_CONVERSION = YES;
				GCC_WARN_ABOUT_RETURN_TYPE = YES;
				GCC_WARN_UNDECLARED_SELECTOR = YES;
				GCC_WARN_UNINITIALIZED_AUTOS = YES;
				GCC_WARN_UNUSED_FUNCTION = YES;
				GCC_WARN_UNUSED_VARIABLE = YES;
				ONLY_ACTIVE_ARCH = YES;
			};
			name = Debug;
		};
		3A24CC8226C507980086E778 /* Release */ = {
			isa = XCBuildConfiguration;
			buildSettings = {
				CLANG_WARN_BLOCK_CAPTURE_AUTORELEASING = YES;
				CLANG_WARN_BOOL_CONVERSION = YES;
				CLANG_WARN_COMMA = YES;
				CLANG_WARN_CONSTANT_CONVERSION = YES;
				CLANG_WARN_DEPRECATED_OBJC_IMPLEMENTATIONS = YES;
				CLANG_WARN_EMPTY_BODY = YES;
				CLANG_WARN_ENUM_CONVERSION = YES;
				CLANG_WARN_INFINITE_RECURSION = YES;
				CLANG_WARN_INT_CONVERSION = YES;
				CLANG_WARN_NON_LITERAL_NULL_CONVERSION = YES;
				CLANG_WARN_OBJC_IMPLICIT_RETAIN_SELF = YES;
				CLANG_WARN_OBJC_LITERAL_CONVERSION = YES;
				CLANG_WARN_QUOTED_INCLUDE_IN_FRAMEWORK_HEADER = YES;
				CLANG_WARN_RANGE_LOOP_ANALYSIS = YES;
				CLANG_WARN_STRICT_PROTOTYPES = YES;
				CLANG_WARN_SUSPICIOUS_MOVE = YES;
				CLANG_WARN_UNREACHABLE_CODE = YES;
				CLANG_WARN__DUPLICATE_METHOD_MATCH = YES;
				ENABLE_STRICT_OBJC_MSGSEND = YES;
				GCC_NO_COMMON_BLOCKS = YES;
				GCC_WARN_64_TO_32_BIT_CONVERSION = YES;
				GCC_WARN_ABOUT_RETURN_TYPE = YES;
				GCC_WARN_UNDECLARED_SELECTOR = YES;
				GCC_WARN_UNINITIALIZED_AUTOS = YES;
				GCC_WARN_UNUSED_FUNCTION = YES;
				GCC_WARN_UNUSED_VARIABLE = YES;
			};
			name = Release;
		};
/* End XCBuildConfiguration section */

/* Begin XCConfigurationList section */
		3A24CC8026C507980086E778 /* Build configuration list for PBXProject "SwiftUIExtensions" */ = {
			isa = XCConfigurationList;
			buildConfigurations = (
				3A24CC8126C507980086E778 /* Debug */,
				3A24CC8226C507980086E778 /* Release */,
			);
			defaultConfigurationIsVisible = 0;
			defaultConfigurationName = Release;
		};
/* End XCConfigurationList section */
	};
	rootObject = 3A24CC7D26C507980086E778 /* Project object */;
}
