// !$*UTF8*$!
{
	archiveVersion = 1;
	classes = {
	};
	objectVersion = 52;
	objects = {

/* Begin PBXBuildFile section */
		3A2C2A852775ECA1009428DE /* AppDelegate.swift in Sources */ = {isa = PBXBuildFile; fileRef = 3A2C2A842775ECA1009428DE /* AppDelegate.swift */; };
		3A2C2A8E2775ECA2009428DE /* Assets.xcassets in Resources */ = {isa = PBXBuildFile; fileRef = 3A2C2A8D2775ECA2009428DE /* Assets.xcassets */; };
		3A2C2A912775ECA2009428DE /* LaunchScreen.storyboard in Resources */ = {isa = PBXBuildFile; fileRef = 3A2C2A8F2775ECA2009428DE /* LaunchScreen.storyboard */; };
		3A2C2A992775EDCE009428DE /* ColorViewController.swift in Sources */ = {isa = PBXBuildFile; fileRef = 3A2C2A982775EDCE009428DE /* ColorViewController.swift */; };
		3A2C2A9B2775EF33009428DE /* UIControl.StateExtensions.swift in Sources */ = {isa = PBXBuildFile; fileRef = 3A2C2A9A2775EF33009428DE /* UIControl.StateExtensions.swift */; };
		3A2C2AA02775F2F7009428DE /* UIKitExtensions.framework in Frameworks */ = {isa = PBXBuildFile; fileRef = 3A46521B260F9FDC0031FAD9 /* UIKitExtensions.framework */; platformFilter = ios; };
		3A2C2AA12775F2F7009428DE /* UIKitExtensions.framework in Embed Frameworks */ = {isa = PBXBuildFile; fileRef = 3A46521B260F9FDC0031FAD9 /* UIKitExtensions.framework */; settings = {ATTRIBUTES = (CodeSignOnCopy, RemoveHeadersOnCopy, ); }; };
		3A465225260F9FE20031FAD9 /* UIStoryboard.swift in Sources */ = {isa = PBXBuildFile; fileRef = 3A396E9925BDA1CD00B110C7 /* UIStoryboard.swift */; };
		3A465226260F9FE20031FAD9 /* TypifyRootView.swift in Sources */ = {isa = PBXBuildFile; fileRef = 3A22A582260F519D00708E24 /* TypifyRootView.swift */; };
		3A465228260F9FE20031FAD9 /* StoryboardInstantiatable.swift in Sources */ = {isa = PBXBuildFile; fileRef = 3A4651AD260F65F90031FAD9 /* StoryboardInstantiatable.swift */; };
		3A465238260FA0CB0031FAD9 /* Animation.swift in Sources */ = {isa = PBXBuildFile; fileRef = 3A465235260FA0CA0031FAD9 /* Animation.swift */; };
		3A465239260FA0CB0031FAD9 /* BackgroundTask.swift in Sources */ = {isa = PBXBuildFile; fileRef = 3A465236260FA0CB0031FAD9 /* BackgroundTask.swift */; };
		3A46523A260FA0CB0031FAD9 /* Completion.swift in Sources */ = {isa = PBXBuildFile; fileRef = 3A465237260FA0CB0031FAD9 /* Completion.swift */; };
		3A46523E260FA1130031FAD9 /* UIViewController.swift in Sources */ = {isa = PBXBuildFile; fileRef = 3A46523D260FA1130031FAD9 /* UIViewController.swift */; };
		3A465241260FA1210031FAD9 /* UIView.swift in Sources */ = {isa = PBXBuildFile; fileRef = 3A465240260FA1210031FAD9 /* UIView.swift */; };
		3A8333F4287A2F2C00A124E0 /* OverlappedViewProvider.swift in Sources */ = {isa = PBXBuildFile; fileRef = 3A8333E7287A2F2C00A124E0 /* OverlappedViewProvider.swift */; };
		3A8333F5287A2F2C00A124E0 /* OverlappableVC.swift in Sources */ = {isa = PBXBuildFile; fileRef = 3A8333E9287A2F2C00A124E0 /* OverlappableVC.swift */; };
		3A8333F6287A2F2C00A124E0 /* OverlappableParentAccessible.swift in Sources */ = {isa = PBXBuildFile; fileRef = 3A8333EA287A2F2C00A124E0 /* OverlappableParentAccessible.swift */; };
		3A8333F7287A2F2C00A124E0 /* OverlappingVC.swift in Sources */ = {isa = PBXBuildFile; fileRef = 3A8333EB287A2F2C00A124E0 /* OverlappingVC.swift */; };
		3A8333F8287A2F2C00A124E0 /* OverlappingVCContainer.swift in Sources */ = {isa = PBXBuildFile; fileRef = 3A8333EC287A2F2C00A124E0 /* OverlappingVCContainer.swift */; };
		3A8333F9287A2F2C00A124E0 /* Overlapping.swift in Sources */ = {isa = PBXBuildFile; fileRef = 3A8333ED287A2F2C00A124E0 /* Overlapping.swift */; };
		3A8333FA287A2F2C00A124E0 /* OverlappableView.swift in Sources */ = {isa = PBXBuildFile; fileRef = 3A8333EF287A2F2C00A124E0 /* OverlappableView.swift */; };
		3A8333FB287A2F2C00A124E0 /* OverlappingViewManager.swift in Sources */ = {isa = PBXBuildFile; fileRef = 3A8333F0287A2F2C00A124E0 /* OverlappingViewManager.swift */; };
		3A8333FC287A2F2C00A124E0 /* OverlappingViewContainer.swift in Sources */ = {isa = PBXBuildFile; fileRef = 3A8333F1287A2F2C00A124E0 /* OverlappingViewContainer.swift */; };
		3A8333FD287A2F2C00A124E0 /* OverlappingView.swift in Sources */ = {isa = PBXBuildFile; fileRef = 3A8333F2287A2F2C00A124E0 /* OverlappingView.swift */; };
		3A8333FE287A2F2C00A124E0 /* Overlappable.swift in Sources */ = {isa = PBXBuildFile; fileRef = 3A8333F3287A2F2C00A124E0 /* Overlappable.swift */; };
		3A833400287A2F4A00A124E0 /* MainVC.storyboard in Resources */ = {isa = PBXBuildFile; fileRef = 3A8333FF287A2F4A00A124E0 /* MainVC.storyboard */; };
		3A833402287A2F5400A124E0 /* MainVC.swift in Sources */ = {isa = PBXBuildFile; fileRef = 3A833401287A2F5400A124E0 /* MainVC.swift */; };
		3A833404287ABE1E00A124E0 /* OverlappingDelegate.swift in Sources */ = {isa = PBXBuildFile; fileRef = 3A833403287ABE1E00A124E0 /* OverlappingDelegate.swift */; };
		3A833405287ABE8600A124E0 /* OverlappingDelegate.swift in Sources */ = {isa = PBXBuildFile; fileRef = 3A833403287ABE1E00A124E0 /* OverlappingDelegate.swift */; };
		3AD82BC3275952A7000EF242 /* NSLayotConstraint.swift in Sources */ = {isa = PBXBuildFile; fileRef = 3AD82BC2275952A7000EF242 /* NSLayotConstraint.swift */; };
		3AD82BC727595366000EF242 /* AxleView.swift in Sources */ = {isa = PBXBuildFile; fileRef = 3AD82BC627595366000EF242 /* AxleView.swift */; };
		3AD82BC927598305000EF242 /* WrappingHStackUIView.swift in Sources */ = {isa = PBXBuildFile; fileRef = 3AD82BC827598305000EF242 /* WrappingHStackUIView.swift */; };
		A063FBFA2768FB4400E3DFC2 /* UIColor.swift in Sources */ = {isa = PBXBuildFile; fileRef = A063FBF92768FB4400E3DFC2 /* UIColor.swift */; };
/* End PBXBuildFile section */

/* Begin PBXContainerItemProxy section */
		3A2C2AA22775F2F7009428DE /* PBXContainerItemProxy */ = {
			isa = PBXContainerItemProxy;
			containerPortal = 3A396E7925BDA18500B110C7 /* Project object */;
			proxyType = 1;
			remoteGlobalIDString = 3A46521A260F9FDC0031FAD9;
			remoteInfo = UIKitExtensions;
		};
/* End PBXContainerItemProxy section */

/* Begin PBXCopyFilesBuildPhase section */
		3A2C2AA42775F2F7009428DE /* Embed Frameworks */ = {
			isa = PBXCopyFilesBuildPhase;
			buildActionMask = 2147483647;
			dstPath = "";
			dstSubfolderSpec = 10;
			files = (
				3A2C2AA12775F2F7009428DE /* UIKitExtensions.framework in Embed Frameworks */,
			);
			name = "Embed Frameworks";
			runOnlyForDeploymentPostprocessing = 0;
		};
/* End PBXCopyFilesBuildPhase section */

/* Begin PBXFileReference section */
		3A22A582260F519D00708E24 /* TypifyRootView.swift */ = {isa = PBXFileReference; lastKnownFileType = sourcecode.swift; path = TypifyRootView.swift; sourceTree = "<group>"; };
		3A2C2A822775ECA1009428DE /* UIKitExtensionsTestground.app */ = {isa = PBXFileReference; explicitFileType = wrapper.application; includeInIndex = 0; path = UIKitExtensionsTestground.app; sourceTree = BUILT_PRODUCTS_DIR; };
		3A2C2A842775ECA1009428DE /* AppDelegate.swift */ = {isa = PBXFileReference; lastKnownFileType = sourcecode.swift; path = AppDelegate.swift; sourceTree = "<group>"; };
		3A2C2A8D2775ECA2009428DE /* Assets.xcassets */ = {isa = PBXFileReference; lastKnownFileType = folder.assetcatalog; path = Assets.xcassets; sourceTree = "<group>"; };
		3A2C2A902775ECA2009428DE /* Base */ = {isa = PBXFileReference; lastKnownFileType = file.storyboard; name = Base; path = Base.lproj/LaunchScreen.storyboard; sourceTree = "<group>"; };
		3A2C2A922775ECA2009428DE /* Info.plist */ = {isa = PBXFileReference; lastKnownFileType = text.plist.xml; path = Info.plist; sourceTree = "<group>"; };
		3A2C2A982775EDCE009428DE /* ColorViewController.swift */ = {isa = PBXFileReference; lastKnownFileType = sourcecode.swift; path = ColorViewController.swift; sourceTree = "<group>"; };
		3A2C2A9A2775EF33009428DE /* UIControl.StateExtensions.swift */ = {isa = PBXFileReference; lastKnownFileType = sourcecode.swift; path = UIControl.StateExtensions.swift; sourceTree = "<group>"; };
		3A396E9925BDA1CD00B110C7 /* UIStoryboard.swift */ = {isa = PBXFileReference; lastKnownFileType = sourcecode.swift; path = UIStoryboard.swift; sourceTree = "<group>"; };
		3A4651AD260F65F90031FAD9 /* StoryboardInstantiatable.swift */ = {isa = PBXFileReference; lastKnownFileType = sourcecode.swift; path = StoryboardInstantiatable.swift; sourceTree = "<group>"; };
		3A46521B260F9FDC0031FAD9 /* UIKitExtensions.framework */ = {isa = PBXFileReference; explicitFileType = wrapper.framework; includeInIndex = 0; path = UIKitExtensions.framework; sourceTree = BUILT_PRODUCTS_DIR; };
		3A465235260FA0CA0031FAD9 /* Animation.swift */ = {isa = PBXFileReference; fileEncoding = 4; lastKnownFileType = sourcecode.swift; path = Animation.swift; sourceTree = "<group>"; };
		3A465236260FA0CB0031FAD9 /* BackgroundTask.swift */ = {isa = PBXFileReference; fileEncoding = 4; lastKnownFileType = sourcecode.swift; path = BackgroundTask.swift; sourceTree = "<group>"; };
		3A465237260FA0CB0031FAD9 /* Completion.swift */ = {isa = PBXFileReference; fileEncoding = 4; lastKnownFileType = sourcecode.swift; path = Completion.swift; sourceTree = "<group>"; };
		3A46523D260FA1130031FAD9 /* UIViewController.swift */ = {isa = PBXFileReference; lastKnownFileType = sourcecode.swift; path = UIViewController.swift; sourceTree = "<group>"; };
		3A465240260FA1210031FAD9 /* UIView.swift */ = {isa = PBXFileReference; lastKnownFileType = sourcecode.swift; path = UIView.swift; sourceTree = "<group>"; };
		3A8333E7287A2F2C00A124E0 /* OverlappedViewProvider.swift */ = {isa = PBXFileReference; fileEncoding = 4; lastKnownFileType = sourcecode.swift; path = OverlappedViewProvider.swift; sourceTree = "<group>"; };
		3A8333E9287A2F2C00A124E0 /* OverlappableVC.swift */ = {isa = PBXFileReference; fileEncoding = 4; lastKnownFileType = sourcecode.swift; path = OverlappableVC.swift; sourceTree = "<group>"; };
		3A8333EA287A2F2C00A124E0 /* OverlappableParentAccessible.swift */ = {isa = PBXFileReference; fileEncoding = 4; lastKnownFileType = sourcecode.swift; path = OverlappableParentAccessible.swift; sourceTree = "<group>"; };
		3A8333EB287A2F2C00A124E0 /* OverlappingVC.swift */ = {isa = PBXFileReference; fileEncoding = 4; lastKnownFileType = sourcecode.swift; path = OverlappingVC.swift; sourceTree = "<group>"; };
		3A8333EC287A2F2C00A124E0 /* OverlappingVCContainer.swift */ = {isa = PBXFileReference; fileEncoding = 4; lastKnownFileType = sourcecode.swift; path = OverlappingVCContainer.swift; sourceTree = "<group>"; };
		3A8333ED287A2F2C00A124E0 /* Overlapping.swift */ = {isa = PBXFileReference; fileEncoding = 4; lastKnownFileType = sourcecode.swift; path = Overlapping.swift; sourceTree = "<group>"; };
		3A8333EF287A2F2C00A124E0 /* OverlappableView.swift */ = {isa = PBXFileReference; fileEncoding = 4; lastKnownFileType = sourcecode.swift; path = OverlappableView.swift; sourceTree = "<group>"; };
		3A8333F0287A2F2C00A124E0 /* OverlappingViewManager.swift */ = {isa = PBXFileReference; fileEncoding = 4; lastKnownFileType = sourcecode.swift; path = OverlappingViewManager.swift; sourceTree = "<group>"; };
		3A8333F1287A2F2C00A124E0 /* OverlappingViewContainer.swift */ = {isa = PBXFileReference; fileEncoding = 4; lastKnownFileType = sourcecode.swift; path = OverlappingViewContainer.swift; sourceTree = "<group>"; };
		3A8333F2287A2F2C00A124E0 /* OverlappingView.swift */ = {isa = PBXFileReference; fileEncoding = 4; lastKnownFileType = sourcecode.swift; path = OverlappingView.swift; sourceTree = "<group>"; };
		3A8333F3287A2F2C00A124E0 /* Overlappable.swift */ = {isa = PBXFileReference; fileEncoding = 4; lastKnownFileType = sourcecode.swift; path = Overlappable.swift; sourceTree = "<group>"; };
		3A8333FF287A2F4A00A124E0 /* MainVC.storyboard */ = {isa = PBXFileReference; lastKnownFileType = file.storyboard; path = MainVC.storyboard; sourceTree = "<group>"; };
		3A833401287A2F5400A124E0 /* MainVC.swift */ = {isa = PBXFileReference; lastKnownFileType = sourcecode.swift; path = MainVC.swift; sourceTree = "<group>"; };
		3A833403287ABE1E00A124E0 /* OverlappingDelegate.swift */ = {isa = PBXFileReference; lastKnownFileType = sourcecode.swift; path = OverlappingDelegate.swift; sourceTree = "<group>"; };
		3AD82BC2275952A7000EF242 /* NSLayotConstraint.swift */ = {isa = PBXFileReference; lastKnownFileType = sourcecode.swift; path = NSLayotConstraint.swift; sourceTree = "<group>"; };
		3AD82BC627595366000EF242 /* AxleView.swift */ = {isa = PBXFileReference; lastKnownFileType = sourcecode.swift; path = AxleView.swift; sourceTree = "<group>"; };
		3AD82BC827598305000EF242 /* WrappingHStackUIView.swift */ = {isa = PBXFileReference; lastKnownFileType = sourcecode.swift; path = WrappingHStackUIView.swift; sourceTree = "<group>"; };
		3AF702AB273449AF0087F39A /* Info.plist */ = {isa = PBXFileReference; lastKnownFileType = text.plist.xml; path = Info.plist; sourceTree = "<group>"; };
		A063FBF92768FB4400E3DFC2 /* UIColor.swift */ = {isa = PBXFileReference; fileEncoding = 4; lastKnownFileType = sourcecode.swift; path = UIColor.swift; sourceTree = "<group>"; };
/* End PBXFileReference section */

/* Begin PBXFrameworksBuildPhase section */
		3A2C2A7F2775ECA1009428DE /* Frameworks */ = {
			isa = PBXFrameworksBuildPhase;
			buildActionMask = 2147483647;
			files = (
				3A2C2AA02775F2F7009428DE /* UIKitExtensions.framework in Frameworks */,
			);
			runOnlyForDeploymentPostprocessing = 0;
		};
		3A465218260F9FDC0031FAD9 /* Frameworks */ = {
			isa = PBXFrameworksBuildPhase;
			buildActionMask = 2147483647;
			files = (
			);
			runOnlyForDeploymentPostprocessing = 0;
		};
/* End PBXFrameworksBuildPhase section */

/* Begin PBXGroup section */
		3A2C2A832775ECA1009428DE /* UIKitExtensionsTestground */ = {
			isa = PBXGroup;
			children = (
				3A2C2A9D2775F170009428DE /* Sources */,
				3A2C2A9C2775F16C009428DE /* Resources */,
			);
			path = UIKitExtensionsTestground;
			sourceTree = "<group>";
		};
		3A2C2A9C2775F16C009428DE /* Resources */ = {
			isa = PBXGroup;
			children = (
				3A2C2A8D2775ECA2009428DE /* Assets.xcassets */,
				3A2C2A8F2775ECA2009428DE /* LaunchScreen.storyboard */,
				3A2C2A922775ECA2009428DE /* Info.plist */,
			);
			path = Resources;
			sourceTree = "<group>";
		};
		3A2C2A9D2775F170009428DE /* Sources */ = {
			isa = PBXGroup;
			children = (
				3A2C2A842775ECA1009428DE /* AppDelegate.swift */,
				3A8333FF287A2F4A00A124E0 /* MainVC.storyboard */,
				3A833401287A2F5400A124E0 /* MainVC.swift */,
			);
			path = Sources;
			sourceTree = "<group>";
		};
		3A2C2A9F2775F2F7009428DE /* Frameworks */ = {
			isa = PBXGroup;
			children = (
			);
			name = Frameworks;
			sourceTree = "<group>";
		};
		3A396E7825BDA18500B110C7 = {
			isa = PBXGroup;
			children = (
				3AF702AA273449760087F39A /* Resources */,
				3A396E9725BDA1CD00B110C7 /* Source */,
				3A2C2A832775ECA1009428DE /* UIKitExtensionsTestground */,
				3A46521C260F9FDC0031FAD9 /* Products */,
				3A2C2A9F2775F2F7009428DE /* Frameworks */,
			);
			sourceTree = "<group>";
		};
		3A396E9725BDA1CD00B110C7 /* Source */ = {
			isa = PBXGroup;
			children = (
				3AD82BC127595299000EF242 /* Extensions */,
				3AF702A82734488E0087F39A /* Models */,
				3AD82BC527595359000EF242 /* Protocols */,
				3AF702A9273448A60087F39A /* UIView */,
				3A396E9C25BDA1CD00B110C7 /* ViewControllers */,
			);
			path = Source;
			sourceTree = "<group>";
		};
		3A396E9C25BDA1CD00B110C7 /* ViewControllers */ = {
			isa = PBXGroup;
			children = (
				3A8333E6287A2F2C00A124E0 /* Overlapping */,
				3A2C2A982775EDCE009428DE /* ColorViewController.swift */,
			);
			path = ViewControllers;
			sourceTree = "<group>";
		};
		3A46521C260F9FDC0031FAD9 /* Products */ = {
			isa = PBXGroup;
			children = (
				3A46521B260F9FDC0031FAD9 /* UIKitExtensions.framework */,
				3A2C2A822775ECA1009428DE /* UIKitExtensionsTestground.app */,
			);
			name = Products;
			sourceTree = "<group>";
		};
		3A8333E6287A2F2C00A124E0 /* Overlapping */ = {
			isa = PBXGroup;
			children = (
				3A8333E8287A2F2C00A124E0 /* VC */,
				3A8333EE287A2F2C00A124E0 /* View */,
				3A8333E7287A2F2C00A124E0 /* OverlappedViewProvider.swift */,
				3A8333ED287A2F2C00A124E0 /* Overlapping.swift */,
				3A8333F3287A2F2C00A124E0 /* Overlappable.swift */,
				3A833403287ABE1E00A124E0 /* OverlappingDelegate.swift */,
			);
			path = Overlapping;
			sourceTree = "<group>";
		};
		3A8333E8287A2F2C00A124E0 /* VC */ = {
			isa = PBXGroup;
			children = (
				3A8333E9287A2F2C00A124E0 /* OverlappableVC.swift */,
				3A8333EA287A2F2C00A124E0 /* OverlappableParentAccessible.swift */,
				3A8333EB287A2F2C00A124E0 /* OverlappingVC.swift */,
				3A8333EC287A2F2C00A124E0 /* OverlappingVCContainer.swift */,
			);
			path = VC;
			sourceTree = "<group>";
		};
		3A8333EE287A2F2C00A124E0 /* View */ = {
			isa = PBXGroup;
			children = (
				3A8333EF287A2F2C00A124E0 /* OverlappableView.swift */,
				3A8333F0287A2F2C00A124E0 /* OverlappingViewManager.swift */,
				3A8333F1287A2F2C00A124E0 /* OverlappingViewContainer.swift */,
				3A8333F2287A2F2C00A124E0 /* OverlappingView.swift */,
			);
			path = View;
			sourceTree = "<group>";
		};
		3AD82BC127595299000EF242 /* Extensions */ = {
			isa = PBXGroup;
			children = (
				A063FBF92768FB4400E3DFC2 /* UIColor.swift */,
				3AD82BC2275952A7000EF242 /* NSLayotConstraint.swift */,
				3A396E9925BDA1CD00B110C7 /* UIStoryboard.swift */,
				3A465240260FA1210031FAD9 /* UIView.swift */,
				3A46523D260FA1130031FAD9 /* UIViewController.swift */,
				3A2C2A9A2775EF33009428DE /* UIControl.StateExtensions.swift */,
			);
			path = Extensions;
			sourceTree = "<group>";
		};
		3AD82BC527595359000EF242 /* Protocols */ = {
			isa = PBXGroup;
			children = (
				3A4651AD260F65F90031FAD9 /* StoryboardInstantiatable.swift */,
				3A22A582260F519D00708E24 /* TypifyRootView.swift */,
			);
			path = Protocols;
			sourceTree = "<group>";
		};
		3AF702A82734488E0087F39A /* Models */ = {
			isa = PBXGroup;
			children = (
				3A465235260FA0CA0031FAD9 /* Animation.swift */,
				3A465236260FA0CB0031FAD9 /* BackgroundTask.swift */,
				3A465237260FA0CB0031FAD9 /* Completion.swift */,
			);
			path = Models;
			sourceTree = "<group>";
		};
		3AF702A9273448A60087F39A /* UIView */ = {
			isa = PBXGroup;
			children = (
				3AD82BC627595366000EF242 /* AxleView.swift */,
				3AD82BC827598305000EF242 /* WrappingHStackUIView.swift */,
			);
			path = UIView;
			sourceTree = "<group>";
		};
		3AF702AA273449760087F39A /* Resources */ = {
			isa = PBXGroup;
			children = (
				3AF702AB273449AF0087F39A /* Info.plist */,
			);
			path = Resources;
			sourceTree = "<group>";
		};
/* End PBXGroup section */

/* Begin PBXHeadersBuildPhase section */
		3A465216260F9FDC0031FAD9 /* Headers */ = {
			isa = PBXHeadersBuildPhase;
			buildActionMask = 2147483647;
			files = (
			);
			runOnlyForDeploymentPostprocessing = 0;
		};
/* End PBXHeadersBuildPhase section */

/* Begin PBXNativeTarget section */
		3A2C2A812775ECA1009428DE /* UIKitExtensionsTestground */ = {
			isa = PBXNativeTarget;
			buildConfigurationList = 3A2C2A952775ECA2009428DE /* Build configuration list for PBXNativeTarget "UIKitExtensionsTestground" */;
			buildPhases = (
				3A2C2A7E2775ECA1009428DE /* Sources */,
				3A2C2A7F2775ECA1009428DE /* Frameworks */,
				3A2C2A802775ECA1009428DE /* Resources */,
				3A2C2AA42775F2F7009428DE /* Embed Frameworks */,
			);
			buildRules = (
			);
			dependencies = (
				3A2C2AA32775F2F7009428DE /* PBXTargetDependency */,
			);
			name = UIKitExtensionsTestground;
			productName = UIKitExtensionsTestground;
			productReference = 3A2C2A822775ECA1009428DE /* UIKitExtensionsTestground.app */;
			productType = "com.apple.product-type.application";
		};
		3A46521A260F9FDC0031FAD9 /* UIKitExtensions */ = {
			isa = PBXNativeTarget;
			buildConfigurationList = 3A465221260F9FDC0031FAD9 /* Build configuration list for PBXNativeTarget "UIKitExtensions" */;
			buildPhases = (
				3A465216260F9FDC0031FAD9 /* Headers */,
				3A465217260F9FDC0031FAD9 /* Sources */,
				3A465218260F9FDC0031FAD9 /* Frameworks */,
				3A465219260F9FDC0031FAD9 /* Resources */,
			);
			buildRules = (
			);
			dependencies = (
			);
			name = UIKitExtensions;
			productName = UIKitExtensions;
			productReference = 3A46521B260F9FDC0031FAD9 /* UIKitExtensions.framework */;
			productType = "com.apple.product-type.framework";
		};
/* End PBXNativeTarget section */

/* Begin PBXProject section */
		3A396E7925BDA18500B110C7 /* Project object */ = {
			isa = PBXProject;
			attributes = {
				LastSwiftUpdateCheck = 1300;
				LastUpgradeCheck = 1300;
				TargetAttributes = {
					3A2C2A812775ECA1009428DE = {
						CreatedOnToolsVersion = 13.0;
					};
					3A46521A260F9FDC0031FAD9 = {
						CreatedOnToolsVersion = 12.4;
					};
				};
			};
			buildConfigurationList = 3A396E7C25BDA18500B110C7 /* Build configuration list for PBXProject "UIKitExtensions" */;
			compatibilityVersion = "Xcode 9.3";
			developmentRegion = en;
			hasScannedForEncodings = 0;
			knownRegions = (
				en,
				Base,
			);
			mainGroup = 3A396E7825BDA18500B110C7;
			productRefGroup = 3A46521C260F9FDC0031FAD9 /* Products */;
			projectDirPath = "";
			projectRoot = "";
			targets = (
				3A46521A260F9FDC0031FAD9 /* UIKitExtensions */,
				3A2C2A812775ECA1009428DE /* UIKitExtensionsTestground */,
			);
		};
/* End PBXProject section */

/* Begin PBXResourcesBuildPhase section */
		3A2C2A802775ECA1009428DE /* Resources */ = {
			isa = PBXResourcesBuildPhase;
			buildActionMask = 2147483647;
			files = (
				3A833400287A2F4A00A124E0 /* MainVC.storyboard in Resources */,
				3A2C2A912775ECA2009428DE /* LaunchScreen.storyboard in Resources */,
				3A2C2A8E2775ECA2009428DE /* Assets.xcassets in Resources */,
			);
			runOnlyForDeploymentPostprocessing = 0;
		};
		3A465219260F9FDC0031FAD9 /* Resources */ = {
			isa = PBXResourcesBuildPhase;
			buildActionMask = 2147483647;
			files = (
			);
			runOnlyForDeploymentPostprocessing = 0;
		};
/* End PBXResourcesBuildPhase section */

/* Begin PBXSourcesBuildPhase section */
		3A2C2A7E2775ECA1009428DE /* Sources */ = {
			isa = PBXSourcesBuildPhase;
			buildActionMask = 2147483647;
			files = (
				3A2C2A852775ECA1009428DE /* AppDelegate.swift in Sources */,
				3A833404287ABE1E00A124E0 /* OverlappingDelegate.swift in Sources */,
				3A833402287A2F5400A124E0 /* MainVC.swift in Sources */,
			);
			runOnlyForDeploymentPostprocessing = 0;
		};
		3A465217260F9FDC0031FAD9 /* Sources */ = {
			isa = PBXSourcesBuildPhase;
			buildActionMask = 2147483647;
			files = (
				3A8333F7287A2F2C00A124E0 /* OverlappingVC.swift in Sources */,
				3A465241260FA1210031FAD9 /* UIView.swift in Sources */,
				3AD82BC927598305000EF242 /* WrappingHStackUIView.swift in Sources */,
				3A8333F8287A2F2C00A124E0 /* OverlappingVCContainer.swift in Sources */,
				3AD82BC3275952A7000EF242 /* NSLayotConstraint.swift in Sources */,
				3A8333FC287A2F2C00A124E0 /* OverlappingViewContainer.swift in Sources */,
				3A8333F6287A2F2C00A124E0 /* OverlappableParentAccessible.swift in Sources */,
				3A465228260F9FE20031FAD9 /* StoryboardInstantiatable.swift in Sources */,
				3A833405287ABE8600A124E0 /* OverlappingDelegate.swift in Sources */,
				3A8333F9287A2F2C00A124E0 /* Overlapping.swift in Sources */,
				3A8333FA287A2F2C00A124E0 /* OverlappableView.swift in Sources */,
				3A46523E260FA1130031FAD9 /* UIViewController.swift in Sources */,
				3A8333FB287A2F2C00A124E0 /* OverlappingViewManager.swift in Sources */,
				3A8333F5287A2F2C00A124E0 /* OverlappableVC.swift in Sources */,
				A063FBFA2768FB4400E3DFC2 /* UIColor.swift in Sources */,
				3A8333F4287A2F2C00A124E0 /* OverlappedViewProvider.swift in Sources */,
				3A465225260F9FE20031FAD9 /* UIStoryboard.swift in Sources */,
				3A8333FE287A2F2C00A124E0 /* Overlappable.swift in Sources */,
				3A2C2A9B2775EF33009428DE /* UIControl.StateExtensions.swift in Sources */,
				3A465226260F9FE20031FAD9 /* TypifyRootView.swift in Sources */,
				3A8333FD287A2F2C00A124E0 /* OverlappingView.swift in Sources */,
				3A465238260FA0CB0031FAD9 /* Animation.swift in Sources */,
				3A465239260FA0CB0031FAD9 /* BackgroundTask.swift in Sources */,
				3A2C2A992775EDCE009428DE /* ColorViewController.swift in Sources */,
				3A46523A260FA0CB0031FAD9 /* Completion.swift in Sources */,
				3AD82BC727595366000EF242 /* AxleView.swift in Sources */,
			);
			runOnlyForDeploymentPostprocessing = 0;
		};
/* End PBXSourcesBuildPhase section */

/* Begin PBXTargetDependency section */
		3A2C2AA32775F2F7009428DE /* PBXTargetDependency */ = {
			isa = PBXTargetDependency;
			platformFilter = ios;
			target = 3A46521A260F9FDC0031FAD9 /* UIKitExtensions */;
			targetProxy = 3A2C2AA22775F2F7009428DE /* PBXContainerItemProxy */;
		};
/* End PBXTargetDependency section */

/* Begin PBXVariantGroup section */
		3A2C2A8F2775ECA2009428DE /* LaunchScreen.storyboard */ = {
			isa = PBXVariantGroup;
			children = (
				3A2C2A902775ECA2009428DE /* Base */,
			);
			name = LaunchScreen.storyboard;
			sourceTree = "<group>";
		};
/* End PBXVariantGroup section */

/* Begin XCBuildConfiguration section */
		3A2C2A932775ECA2009428DE /* Debug */ = {
			isa = XCBuildConfiguration;
			buildSettings = {
				ALWAYS_SEARCH_USER_PATHS = NO;
				ASSETCATALOG_COMPILER_APPICON_NAME = AppIcon;
				ASSETCATALOG_COMPILER_GLOBAL_ACCENT_COLOR_NAME = AccentColor;
				CLANG_ANALYZER_NONNULL = YES;
				CLANG_ANALYZER_NUMBER_OBJECT_CONVERSION = YES_AGGRESSIVE;
				CLANG_CXX_LANGUAGE_STANDARD = "gnu++17";
				CLANG_CXX_LIBRARY = "libc++";
				CLANG_ENABLE_MODULES = YES;
				CLANG_ENABLE_OBJC_ARC = YES;
				CLANG_ENABLE_OBJC_WEAK = YES;
				CLANG_WARN_DIRECT_OBJC_ISA_USAGE = YES_ERROR;
				CLANG_WARN_DOCUMENTATION_COMMENTS = YES;
				CLANG_WARN_OBJC_ROOT_CLASS = YES_ERROR;
				CLANG_WARN_UNGUARDED_AVAILABILITY = YES_AGGRESSIVE;
				CODE_SIGN_STYLE = Automatic;
				COPY_PHASE_STRIP = NO;
				CURRENT_PROJECT_VERSION = 1;
				DEBUG_INFORMATION_FORMAT = dwarf;
				DEVELOPMENT_TEAM = 3HY2N64MXA;
				GCC_C_LANGUAGE_STANDARD = gnu11;
				GCC_DYNAMIC_NO_PIC = NO;
				GCC_OPTIMIZATION_LEVEL = 0;
				GCC_PREPROCESSOR_DEFINITIONS = (
					"DEBUG=1",
					"$(inherited)",
				);
				GCC_WARN_ABOUT_RETURN_TYPE = YES_ERROR;
				GCC_WARN_UNINITIALIZED_AUTOS = YES_AGGRESSIVE;
				GENERATE_INFOPLIST_FILE = YES;
				INFOPLIST_FILE = UIKitExtensionsTestground/Resources/Info.plist;
				INFOPLIST_KEY_UIApplicationSupportsIndirectInputEvents = YES;
				INFOPLIST_KEY_UILaunchStoryboardName = LaunchScreen;
				INFOPLIST_KEY_UISupportedInterfaceOrientations_iPad = "UIInterfaceOrientationPortrait UIInterfaceOrientationPortraitUpsideDown UIInterfaceOrientationLandscapeLeft UIInterfaceOrientationLandscapeRight";
				INFOPLIST_KEY_UISupportedInterfaceOrientations_iPhone = "UIInterfaceOrientationPortrait UIInterfaceOrientationLandscapeLeft UIInterfaceOrientationLandscapeRight";
				IPHONEOS_DEPLOYMENT_TARGET = 15.0;
				LD_RUNPATH_SEARCH_PATHS = (
					"$(inherited)",
					"@executable_path/Frameworks",
				);
				MARKETING_VERSION = 1.0;
				MTL_ENABLE_DEBUG_INFO = INCLUDE_SOURCE;
				MTL_FAST_MATH = YES;
				PRODUCT_BUNDLE_IDENTIFIER = AO.UIKitExtensionsTestground;
				PRODUCT_NAME = "$(TARGET_NAME)";
				SDKROOT = iphoneos;
				SWIFT_ACTIVE_COMPILATION_CONDITIONS = DEBUG;
				SWIFT_EMIT_LOC_STRINGS = YES;
				SWIFT_OPTIMIZATION_LEVEL = "-Onone";
				SWIFT_VERSION = 5.0;
				TARGETED_DEVICE_FAMILY = "1,2";
			};
			name = Debug;
		};
		3A2C2A942775ECA2009428DE /* Release */ = {
			isa = XCBuildConfiguration;
			buildSettings = {
				ALWAYS_SEARCH_USER_PATHS = NO;
				ASSETCATALOG_COMPILER_APPICON_NAME = AppIcon;
				ASSETCATALOG_COMPILER_GLOBAL_ACCENT_COLOR_NAME = AccentColor;
				CLANG_ANALYZER_NONNULL = YES;
				CLANG_ANALYZER_NUMBER_OBJECT_CONVERSION = YES_AGGRESSIVE;
				CLANG_CXX_LANGUAGE_STANDARD = "gnu++17";
				CLANG_CXX_LIBRARY = "libc++";
				CLANG_ENABLE_MODULES = YES;
				CLANG_ENABLE_OBJC_ARC = YES;
				CLANG_ENABLE_OBJC_WEAK = YES;
				CLANG_WARN_DIRECT_OBJC_ISA_USAGE = YES_ERROR;
				CLANG_WARN_DOCUMENTATION_COMMENTS = YES;
				CLANG_WARN_OBJC_ROOT_CLASS = YES_ERROR;
				CLANG_WARN_UNGUARDED_AVAILABILITY = YES_AGGRESSIVE;
				CODE_SIGN_STYLE = Automatic;
				COPY_PHASE_STRIP = NO;
				CURRENT_PROJECT_VERSION = 1;
				DEBUG_INFORMATION_FORMAT = "dwarf-with-dsym";
				DEVELOPMENT_TEAM = 3HY2N64MXA;
				ENABLE_NS_ASSERTIONS = NO;
				GCC_C_LANGUAGE_STANDARD = gnu11;
				GCC_WARN_ABOUT_RETURN_TYPE = YES_ERROR;
				GCC_WARN_UNINITIALIZED_AUTOS = YES_AGGRESSIVE;
				GENERATE_INFOPLIST_FILE = YES;
				INFOPLIST_FILE = UIKitExtensionsTestground/Resources/Info.plist;
				INFOPLIST_KEY_UIApplicationSupportsIndirectInputEvents = YES;
				INFOPLIST_KEY_UILaunchStoryboardName = LaunchScreen;
				INFOPLIST_KEY_UISupportedInterfaceOrientations_iPad = "UIInterfaceOrientationPortrait UIInterfaceOrientationPortraitUpsideDown UIInterfaceOrientationLandscapeLeft UIInterfaceOrientationLandscapeRight";
				INFOPLIST_KEY_UISupportedInterfaceOrientations_iPhone = "UIInterfaceOrientationPortrait UIInterfaceOrientationLandscapeLeft UIInterfaceOrientationLandscapeRight";
				IPHONEOS_DEPLOYMENT_TARGET = 15.0;
				LD_RUNPATH_SEARCH_PATHS = (
					"$(inherited)",
					"@executable_path/Frameworks",
				);
				MARKETING_VERSION = 1.0;
				MTL_ENABLE_DEBUG_INFO = NO;
				MTL_FAST_MATH = YES;
				PRODUCT_BUNDLE_IDENTIFIER = AO.UIKitExtensionsTestground;
				PRODUCT_NAME = "$(TARGET_NAME)";
				SDKROOT = iphoneos;
				SWIFT_COMPILATION_MODE = wholemodule;
				SWIFT_EMIT_LOC_STRINGS = YES;
				SWIFT_OPTIMIZATION_LEVEL = "-O";
				SWIFT_VERSION = 5.0;
				TARGETED_DEVICE_FAMILY = "1,2";
				VALIDATE_PRODUCT = YES;
			};
			name = Release;
		};
		3A396E7D25BDA18500B110C7 /* Debug */ = {
			isa = XCBuildConfiguration;
			buildSettings = {
				CLANG_WARN_BLOCK_CAPTURE_AUTORELEASING = YES;
				CLANG_WARN_BOOL_CONVERSION = YES;
				CLANG_WARN_COMMA = YES;
				CLANG_WARN_CONSTANT_CONVERSION = YES;
				CLANG_WARN_DEPRECATED_OBJC_IMPLEMENTATIONS = YES;
				CLANG_WARN_EMPTY_BODY = YES;
				CLANG_WARN_ENUM_CONVERSION = YES;
				CLANG_WARN_INFINITE_RECURSION = YES;
				CLANG_WARN_INT_CONVERSION = YES;
				CLANG_WARN_NON_LITERAL_NULL_CONVERSION = YES;
				CLANG_WARN_OBJC_IMPLICIT_RETAIN_SELF = YES;
				CLANG_WARN_OBJC_LITERAL_CONVERSION = YES;
				CLANG_WARN_QUOTED_INCLUDE_IN_FRAMEWORK_HEADER = YES;
				CLANG_WARN_RANGE_LOOP_ANALYSIS = YES;
				CLANG_WARN_STRICT_PROTOTYPES = YES;
				CLANG_WARN_SUSPICIOUS_MOVE = YES;
				CLANG_WARN_UNREACHABLE_CODE = YES;
				CLANG_WARN__DUPLICATE_METHOD_MATCH = YES;
				ENABLE_STRICT_OBJC_MSGSEND = YES;
				ENABLE_TESTABILITY = YES;
				GCC_NO_COMMON_BLOCKS = YES;
				GCC_WARN_64_TO_32_BIT_CONVERSION = YES;
				GCC_WARN_ABOUT_RETURN_TYPE = YES;
				GCC_WARN_UNDECLARED_SELECTOR = YES;
				GCC_WARN_UNINITIALIZED_AUTOS = YES;
				GCC_WARN_UNUSED_FUNCTION = YES;
				GCC_WARN_UNUSED_VARIABLE = YES;
				ONLY_ACTIVE_ARCH = YES;
			};
			name = Debug;
		};
		3A396E7E25BDA18500B110C7 /* Release */ = {
			isa = XCBuildConfiguration;
			buildSettings = {
				CLANG_WARN_BLOCK_CAPTURE_AUTORELEASING = YES;
				CLANG_WARN_BOOL_CONVERSION = YES;
				CLANG_WARN_COMMA = YES;
				CLANG_WARN_CONSTANT_CONVERSION = YES;
				CLANG_WARN_DEPRECATED_OBJC_IMPLEMENTATIONS = YES;
				CLANG_WARN_EMPTY_BODY = YES;
				CLANG_WARN_ENUM_CONVERSION = YES;
				CLANG_WARN_INFINITE_RECURSION = YES;
				CLANG_WARN_INT_CONVERSION = YES;
				CLANG_WARN_NON_LITERAL_NULL_CONVERSION = YES;
				CLANG_WARN_OBJC_IMPLICIT_RETAIN_SELF = YES;
				CLANG_WARN_OBJC_LITERAL_CONVERSION = YES;
				CLANG_WARN_QUOTED_INCLUDE_IN_FRAMEWORK_HEADER = YES;
				CLANG_WARN_RANGE_LOOP_ANALYSIS = YES;
				CLANG_WARN_STRICT_PROTOTYPES = YES;
				CLANG_WARN_SUSPICIOUS_MOVE = YES;
				CLANG_WARN_UNREACHABLE_CODE = YES;
				CLANG_WARN__DUPLICATE_METHOD_MATCH = YES;
				ENABLE_STRICT_OBJC_MSGSEND = YES;
				GCC_NO_COMMON_BLOCKS = YES;
				GCC_WARN_64_TO_32_BIT_CONVERSION = YES;
				GCC_WARN_ABOUT_RETURN_TYPE = YES;
				GCC_WARN_UNDECLARED_SELECTOR = YES;
				GCC_WARN_UNINITIALIZED_AUTOS = YES;
				GCC_WARN_UNUSED_FUNCTION = YES;
				GCC_WARN_UNUSED_VARIABLE = YES;
			};
			name = Release;
		};
		3A465222260F9FDC0031FAD9 /* Debug */ = {
			isa = XCBuildConfiguration;
			buildSettings = {
				ALWAYS_SEARCH_USER_PATHS = NO;
				CLANG_ANALYZER_NONNULL = YES;
				CLANG_ANALYZER_NUMBER_OBJECT_CONVERSION = YES_AGGRESSIVE;
				CLANG_CXX_LANGUAGE_STANDARD = "gnu++14";
				CLANG_CXX_LIBRARY = "libc++";
				CLANG_ENABLE_MODULES = YES;
				CLANG_ENABLE_OBJC_ARC = YES;
				CLANG_ENABLE_OBJC_WEAK = YES;
				CLANG_WARN_BLOCK_CAPTURE_AUTORELEASING = YES;
				CLANG_WARN_BOOL_CONVERSION = YES;
				CLANG_WARN_COMMA = YES;
				CLANG_WARN_CONSTANT_CONVERSION = YES;
				CLANG_WARN_DEPRECATED_OBJC_IMPLEMENTATIONS = YES;
				CLANG_WARN_DIRECT_OBJC_ISA_USAGE = YES_ERROR;
				CLANG_WARN_DOCUMENTATION_COMMENTS = YES;
				CLANG_WARN_EMPTY_BODY = YES;
				CLANG_WARN_ENUM_CONVERSION = YES;
				CLANG_WARN_INFINITE_RECURSION = YES;
				CLANG_WARN_INT_CONVERSION = YES;
				CLANG_WARN_NON_LITERAL_NULL_CONVERSION = YES;
				CLANG_WARN_OBJC_IMPLICIT_RETAIN_SELF = YES;
				CLANG_WARN_OBJC_LITERAL_CONVERSION = YES;
				CLANG_WARN_OBJC_ROOT_CLASS = YES_ERROR;
				CLANG_WARN_QUOTED_INCLUDE_IN_FRAMEWORK_HEADER = YES;
				CLANG_WARN_RANGE_LOOP_ANALYSIS = YES;
				CLANG_WARN_STRICT_PROTOTYPES = YES;
				CLANG_WARN_SUSPICIOUS_MOVE = YES;
				CLANG_WARN_UNGUARDED_AVAILABILITY = YES_AGGRESSIVE;
				CLANG_WARN_UNREACHABLE_CODE = YES;
				CLANG_WARN__DUPLICATE_METHOD_MATCH = YES;
				CODE_SIGN_STYLE = Automatic;
				COPY_PHASE_STRIP = NO;
				CURRENT_PROJECT_VERSION = 1;
				DEBUG_INFORMATION_FORMAT = dwarf;
				DEFINES_MODULE = YES;
				DEVELOPMENT_TEAM = 3HY2N64MXA;
				DYLIB_COMPATIBILITY_VERSION = 1;
				DYLIB_CURRENT_VERSION = 1;
				DYLIB_INSTALL_NAME_BASE = "@rpath";
				ENABLE_STRICT_OBJC_MSGSEND = YES;
				ENABLE_TESTABILITY = YES;
				GCC_C_LANGUAGE_STANDARD = gnu11;
				GCC_DYNAMIC_NO_PIC = NO;
				GCC_NO_COMMON_BLOCKS = YES;
				GCC_OPTIMIZATION_LEVEL = 0;
				GCC_PREPROCESSOR_DEFINITIONS = (
					"DEBUG=1",
					"$(inherited)",
				);
				GCC_WARN_64_TO_32_BIT_CONVERSION = YES;
				GCC_WARN_ABOUT_RETURN_TYPE = YES_ERROR;
				GCC_WARN_UNDECLARED_SELECTOR = YES;
				GCC_WARN_UNINITIALIZED_AUTOS = YES_AGGRESSIVE;
				GCC_WARN_UNUSED_FUNCTION = YES;
				GCC_WARN_UNUSED_VARIABLE = YES;
				INFOPLIST_FILE = "$(SRCROOT)/Resources/Info.plist";
				INSTALL_PATH = "$(LOCAL_LIBRARY_DIR)/Frameworks";
				IPHONEOS_DEPLOYMENT_TARGET = 12.0;
				LD_RUNPATH_SEARCH_PATHS = (
					"$(inherited)",
					"@executable_path/Frameworks",
					"@loader_path/Frameworks",
				);
				MTL_ENABLE_DEBUG_INFO = INCLUDE_SOURCE;
				MTL_FAST_MATH = YES;
				ONLY_ACTIVE_ARCH = YES;
				PRODUCT_BUNDLE_IDENTIFIER = AO.UIKitExtensions;
				PRODUCT_NAME = "$(TARGET_NAME:c99extidentifier)";
				SDKROOT = iphoneos;
				SKIP_INSTALL = YES;
				SUPPORTS_MACCATALYST = NO;
				SWIFT_ACTIVE_COMPILATION_CONDITIONS = DEBUG;
				SWIFT_OPTIMIZATION_LEVEL = "-Onone";
				SWIFT_VERSION = 5.0;
				TARGETED_DEVICE_FAMILY = 1;
				VERSIONING_SYSTEM = "apple-generic";
				VERSION_INFO_PREFIX = "";
			};
			name = Debug;
		};
		3A465223260F9FDC0031FAD9 /* Release */ = {
			isa = XCBuildConfiguration;
			buildSettings = {
				ALWAYS_SEARCH_USER_PATHS = NO;
				CLANG_ANALYZER_NONNULL = YES;
				CLANG_ANALYZER_NUMBER_OBJECT_CONVERSION = YES_AGGRESSIVE;
				CLANG_CXX_LANGUAGE_STANDARD = "gnu++14";
				CLANG_CXX_LIBRARY = "libc++";
				CLANG_ENABLE_MODULES = YES;
				CLANG_ENABLE_OBJC_ARC = YES;
				CLANG_ENABLE_OBJC_WEAK = YES;
				CLANG_WARN_BLOCK_CAPTURE_AUTORELEASING = YES;
				CLANG_WARN_BOOL_CONVERSION = YES;
				CLANG_WARN_COMMA = YES;
				CLANG_WARN_CONSTANT_CONVERSION = YES;
				CLANG_WARN_DEPRECATED_OBJC_IMPLEMENTATIONS = YES;
				CLANG_WARN_DIRECT_OBJC_ISA_USAGE = YES_ERROR;
				CLANG_WARN_DOCUMENTATION_COMMENTS = YES;
				CLANG_WARN_EMPTY_BODY = YES;
				CLANG_WARN_ENUM_CONVERSION = YES;
				CLANG_WARN_INFINITE_RECURSION = YES;
				CLANG_WARN_INT_CONVERSION = YES;
				CLANG_WARN_NON_LITERAL_NULL_CONVERSION = YES;
				CLANG_WARN_OBJC_IMPLICIT_RETAIN_SELF = YES;
				CLANG_WARN_OBJC_LITERAL_CONVERSION = YES;
				CLANG_WARN_OBJC_ROOT_CLASS = YES_ERROR;
				CLANG_WARN_QUOTED_INCLUDE_IN_FRAMEWORK_HEADER = YES;
				CLANG_WARN_RANGE_LOOP_ANALYSIS = YES;
				CLANG_WARN_STRICT_PROTOTYPES = YES;
				CLANG_WARN_SUSPICIOUS_MOVE = YES;
				CLANG_WARN_UNGUARDED_AVAILABILITY = YES_AGGRESSIVE;
				CLANG_WARN_UNREACHABLE_CODE = YES;
				CLANG_WARN__DUPLICATE_METHOD_MATCH = YES;
				CODE_SIGN_STYLE = Automatic;
				COPY_PHASE_STRIP = NO;
				CURRENT_PROJECT_VERSION = 1;
				DEBUG_INFORMATION_FORMAT = "dwarf-with-dsym";
				DEFINES_MODULE = YES;
				DEVELOPMENT_TEAM = 3HY2N64MXA;
				DYLIB_COMPATIBILITY_VERSION = 1;
				DYLIB_CURRENT_VERSION = 1;
				DYLIB_INSTALL_NAME_BASE = "@rpath";
				ENABLE_NS_ASSERTIONS = NO;
				ENABLE_STRICT_OBJC_MSGSEND = YES;
				GCC_C_LANGUAGE_STANDARD = gnu11;
				GCC_NO_COMMON_BLOCKS = YES;
				GCC_WARN_64_TO_32_BIT_CONVERSION = YES;
				GCC_WARN_ABOUT_RETURN_TYPE = YES_ERROR;
				GCC_WARN_UNDECLARED_SELECTOR = YES;
				GCC_WARN_UNINITIALIZED_AUTOS = YES_AGGRESSIVE;
				GCC_WARN_UNUSED_FUNCTION = YES;
				GCC_WARN_UNUSED_VARIABLE = YES;
				INFOPLIST_FILE = "$(SRCROOT)/Resources/Info.plist";
				INSTALL_PATH = "$(LOCAL_LIBRARY_DIR)/Frameworks";
				IPHONEOS_DEPLOYMENT_TARGET = 12.0;
				LD_RUNPATH_SEARCH_PATHS = (
					"$(inherited)",
					"@executable_path/Frameworks",
					"@loader_path/Frameworks",
				);
				MTL_ENABLE_DEBUG_INFO = NO;
				MTL_FAST_MATH = YES;
				PRODUCT_BUNDLE_IDENTIFIER = AO.UIKitExtensions;
				PRODUCT_NAME = "$(TARGET_NAME:c99extidentifier)";
				SDKROOT = iphoneos;
				SKIP_INSTALL = YES;
				SUPPORTS_MACCATALYST = NO;
				SWIFT_COMPILATION_MODE = wholemodule;
				SWIFT_OPTIMIZATION_LEVEL = "-O";
				SWIFT_VERSION = 5.0;
				TARGETED_DEVICE_FAMILY = 1;
				VALIDATE_PRODUCT = YES;
				VERSIONING_SYSTEM = "apple-generic";
				VERSION_INFO_PREFIX = "";
			};
			name = Release;
		};
/* End XCBuildConfiguration section */

/* Begin XCConfigurationList section */
		3A2C2A952775ECA2009428DE /* Build configuration list for PBXNativeTarget "UIKitExtensionsTestground" */ = {
			isa = XCConfigurationList;
			buildConfigurations = (
				3A2C2A932775ECA2009428DE /* Debug */,
				3A2C2A942775ECA2009428DE /* Release */,
			);
			defaultConfigurationIsVisible = 0;
			defaultConfigurationName = Release;
		};
		3A396E7C25BDA18500B110C7 /* Build configuration list for PBXProject "UIKitExtensions" */ = {
			isa = XCConfigurationList;
			buildConfigurations = (
				3A396E7D25BDA18500B110C7 /* Debug */,
				3A396E7E25BDA18500B110C7 /* Release */,
			);
			defaultConfigurationIsVisible = 0;
			defaultConfigurationName = Release;
		};
		3A465221260F9FDC0031FAD9 /* Build configuration list for PBXNativeTarget "UIKitExtensions" */ = {
			isa = XCConfigurationList;
			buildConfigurations = (
				3A465222260F9FDC0031FAD9 /* Debug */,
				3A465223260F9FDC0031FAD9 /* Release */,
			);
			defaultConfigurationIsVisible = 0;
			defaultConfigurationName = Release;
		};
/* End XCConfigurationList section */
	};
	rootObject = 3A396E7925BDA18500B110C7 /* Project object */;
}
